// !$*UTF8*$!
{
	archiveVersion = 1;
	classes = {
	};
	objectVersion = 55;
	objects = {

/* Begin PBXBuildFile section */
		B6477D2527776A11003DBA4B /* StrokeStyle.swift in Sources */ = {isa = PBXBuildFile; fileRef = B6477D2427776A11003DBA4B /* StrokeStyle.swift */; };
		B6477D2727776E8B003DBA4B /* AccountView.swift in Sources */ = {isa = PBXBuildFile; fileRef = B6477D2627776E8B003DBA4B /* AccountView.swift */; };
		B6477D29277882C9003DBA4B /* HexagonView.swift in Sources */ = {isa = PBXBuildFile; fileRef = B6477D28277882C9003DBA4B /* HexagonView.swift */; };
		B6477D2B27788601003DBA4B /* BlobView.swift in Sources */ = {isa = PBXBuildFile; fileRef = B6477D2A27788601003DBA4B /* BlobView.swift */; };
		B6477D2D2778D6AF003DBA4B /* TabBar.swift in Sources */ = {isa = PBXBuildFile; fileRef = B6477D2C2778D6AF003DBA4B /* TabBar.swift */; };
		B6477D302778DD03003DBA4B /* Tab.swift in Sources */ = {isa = PBXBuildFile; fileRef = B6477D2F2778DD03003DBA4B /* Tab.swift */; };
		B6F8DE012777042F0045DCDB /* OrigamiApp.swift in Sources */ = {isa = PBXBuildFile; fileRef = B6F8DE002777042F0045DCDB /* OrigamiApp.swift */; };
		B6F8DE032777042F0045DCDB /* ContentView.swift in Sources */ = {isa = PBXBuildFile; fileRef = B6F8DE022777042F0045DCDB /* ContentView.swift */; };
		B6F8DE05277704300045DCDB /* Assets.xcassets in Resources */ = {isa = PBXBuildFile; fileRef = B6F8DE04277704300045DCDB /* Assets.xcassets */; };
		B6F8DE08277704300045DCDB /* Preview Assets.xcassets in Resources */ = {isa = PBXBuildFile; fileRef = B6F8DE07277704300045DCDB /* Preview Assets.xcassets */; };
		B6F8DE10277704810045DCDB /* CardView.swift in Sources */ = {isa = PBXBuildFile; fileRef = B6F8DE0F277704810045DCDB /* CardView.swift */; };
/* End PBXBuildFile section */

/* Begin PBXFileReference section */
		B6477D2427776A11003DBA4B /* StrokeStyle.swift */ = {isa = PBXFileReference; lastKnownFileType = sourcecode.swift; path = StrokeStyle.swift; sourceTree = "<group>"; };
		B6477D2627776E8B003DBA4B /* AccountView.swift */ = {isa = PBXFileReference; lastKnownFileType = sourcecode.swift; path = AccountView.swift; sourceTree = "<group>"; };
		B6477D28277882C9003DBA4B /* HexagonView.swift */ = {isa = PBXFileReference; lastKnownFileType = sourcecode.swift; path = HexagonView.swift; sourceTree = "<group>"; };
		B6477D2A27788601003DBA4B /* BlobView.swift */ = {isa = PBXFileReference; lastKnownFileType = sourcecode.swift; path = BlobView.swift; sourceTree = "<group>"; };
		B6477D2C2778D6AF003DBA4B /* TabBar.swift */ = {isa = PBXFileReference; lastKnownFileType = sourcecode.swift; path = TabBar.swift; sourceTree = "<group>"; };
		B6477D2F2778DD03003DBA4B /* Tab.swift */ = {isa = PBXFileReference; lastKnownFileType = sourcecode.swift; path = Tab.swift; sourceTree = "<group>"; };
		B6F8DDFD2777042F0045DCDB /* Origami.app */ = {isa = PBXFileReference; explicitFileType = wrapper.application; includeInIndex = 0; path = Origami.app; sourceTree = BUILT_PRODUCTS_DIR; };
		B6F8DE002777042F0045DCDB /* OrigamiApp.swift */ = {isa = PBXFileReference; lastKnownFileType = sourcecode.swift; path = OrigamiApp.swift; sourceTree = "<group>"; };
		B6F8DE022777042F0045DCDB /* ContentView.swift */ = {isa = PBXFileReference; lastKnownFileType = sourcecode.swift; path = ContentView.swift; sourceTree = "<group>"; };
		B6F8DE04277704300045DCDB /* Assets.xcassets */ = {isa = PBXFileReference; lastKnownFileType = folder.assetcatalog; path = Assets.xcassets; sourceTree = "<group>"; };
		B6F8DE07277704300045DCDB /* Preview Assets.xcassets */ = {isa = PBXFileReference; lastKnownFileType = folder.assetcatalog; path = "Preview Assets.xcassets"; sourceTree = "<group>"; };
		B6F8DE0F277704810045DCDB /* CardView.swift */ = {isa = PBXFileReference; lastKnownFileType = sourcecode.swift; path = CardView.swift; sourceTree = "<group>"; };
/* End PBXFileReference section */

/* Begin PBXFrameworksBuildPhase section */
		B6F8DDFA2777042F0045DCDB /* Frameworks */ = {
			isa = PBXFrameworksBuildPhase;
			buildActionMask = 2147483647;
			files = (
			);
			runOnlyForDeploymentPostprocessing = 0;
		};
/* End PBXFrameworksBuildPhase section */

/* Begin PBXGroup section */
		B6477D2E2778DCF7003DBA4B /* Models */ = {
			isa = PBXGroup;
			children = (
				B6477D2F2778DD03003DBA4B /* Tab.swift */,
			);
			path = Models;
			sourceTree = "<group>";
		};
		B6F8DDF42777042F0045DCDB = {
			isa = PBXGroup;
			children = (
				B6F8DDFF2777042F0045DCDB /* Origami */,
				B6F8DDFE2777042F0045DCDB /* Products */,
			);
			sourceTree = "<group>";
		};
		B6F8DDFE2777042F0045DCDB /* Products */ = {
			isa = PBXGroup;
			children = (
				B6F8DDFD2777042F0045DCDB /* Origami.app */,
			);
			name = Products;
			sourceTree = "<group>";
		};
		B6F8DDFF2777042F0045DCDB /* Origami */ = {
			isa = PBXGroup;
			children = (
				B6477D2E2778DCF7003DBA4B /* Models */,
				B6F8DE0E277704720045DCDB /* Views */,
				B6F8DE002777042F0045DCDB /* OrigamiApp.swift */,
				B6477D2627776E8B003DBA4B /* AccountView.swift */,
				B6F8DE022777042F0045DCDB /* ContentView.swift */,
				B6477D2427776A11003DBA4B /* StrokeStyle.swift */,
				B6F8DE04277704300045DCDB /* Assets.xcassets */,
				B6F8DE06277704300045DCDB /* Preview Content */,
			);
			path = Origami;
			sourceTree = "<group>";
		};
		B6F8DE06277704300045DCDB /* Preview Content */ = {
			isa = PBXGroup;
			children = (
				B6F8DE07277704300045DCDB /* Preview Assets.xcassets */,
			);
			path = "Preview Content";
			sourceTree = "<group>";
		};
		B6F8DE0E277704720045DCDB /* Views */ = {
			isa = PBXGroup;
			children = (
				B6F8DE0F277704810045DCDB /* CardView.swift */,
				B6477D2A27788601003DBA4B /* BlobView.swift */,
				B6477D2C2778D6AF003DBA4B /* TabBar.swift */,
				B6477D28277882C9003DBA4B /* HexagonView.swift */,
			);
			path = Views;
			sourceTree = "<group>";
		};
/* End PBXGroup section */

/* Begin PBXNativeTarget section */
		B6F8DDFC2777042F0045DCDB /* Origami */ = {
			isa = PBXNativeTarget;
			buildConfigurationList = B6F8DE0B277704300045DCDB /* Build configuration list for PBXNativeTarget "Origami" */;
			buildPhases = (
				B6F8DDF92777042F0045DCDB /* Sources */,
				B6F8DDFA2777042F0045DCDB /* Frameworks */,
				B6F8DDFB2777042F0045DCDB /* Resources */,
			);
			buildRules = (
			);
			dependencies = (
			);
			name = Origami;
			productName = Origami;
			productReference = B6F8DDFD2777042F0045DCDB /* Origami.app */;
			productType = "com.apple.product-type.application";
		};
/* End PBXNativeTarget section */

/* Begin PBXProject section */
		B6F8DDF52777042F0045DCDB /* Project object */ = {
			isa = PBXProject;
			attributes = {
				BuildIndependentTargetsInParallel = 1;
				LastSwiftUpdateCheck = 1320;
				LastUpgradeCheck = 1320;
				TargetAttributes = {
					B6F8DDFC2777042F0045DCDB = {
						CreatedOnToolsVersion = 13.2.1;
					};
				};
			};
			buildConfigurationList = B6F8DDF82777042F0045DCDB /* Build configuration list for PBXProject "Origami" */;
			compatibilityVersion = "Xcode 13.0";
			developmentRegion = en;
			hasScannedForEncodings = 0;
			knownRegions = (
				en,
				Base,
			);
			mainGroup = B6F8DDF42777042F0045DCDB;
			productRefGroup = B6F8DDFE2777042F0045DCDB /* Products */;
			projectDirPath = "";
			projectRoot = "";
			targets = (
				B6F8DDFC2777042F0045DCDB /* Origami */,
			);
		};
/* End PBXProject section */

/* Begin PBXResourcesBuildPhase section */
		B6F8DDFB2777042F0045DCDB /* Resources */ = {
			isa = PBXResourcesBuildPhase;
			buildActionMask = 2147483647;
			files = (
				B6F8DE08277704300045DCDB /* Preview Assets.xcassets in Resources */,
				B6F8DE05277704300045DCDB /* Assets.xcassets in Resources */,
			);
			runOnlyForDeploymentPostprocessing = 0;
		};
/* End PBXResourcesBuildPhase section */

/* Begin PBXSourcesBuildPhase section */
		B6F8DDF92777042F0045DCDB /* Sources */ = {
			isa = PBXSourcesBuildPhase;
			buildActionMask = 2147483647;
			files = (
				B6F8DE032777042F0045DCDB /* ContentView.swift in Sources */,
				B6477D2527776A11003DBA4B /* StrokeStyle.swift in Sources */,
				B6477D29277882C9003DBA4B /* HexagonView.swift in Sources */,
				B6477D2D2778D6AF003DBA4B /* TabBar.swift in Sources */,
				B6F8DE10277704810045DCDB /* CardView.swift in Sources */,
				B6F8DE012777042F0045DCDB /* OrigamiApp.swift in Sources */,
				B6477D302778DD03003DBA4B /* Tab.swift in Sources */,
				B6477D2727776E8B003DBA4B /* AccountView.swift in Sources */,
				B6477D2B27788601003DBA4B /* BlobView.swift in Sources */,
			);
			runOnlyForDeploymentPostprocessing = 0;
		};
/* End PBXSourcesBuildPhase section */

/* Begin XCBuildConfiguration section */
		B6F8DE09277704300045DCDB /* Debug */ = {
			isa = XCBuildConfiguration;
			buildSettings = {
				ALWAYS_SEARCH_USER_PATHS = NO;
				CLANG_ANALYZER_NONNULL = YES;
				CLANG_ANALYZER_NUMBER_OBJECT_CONVERSION = YES_AGGRESSIVE;
				CLANG_CXX_LANGUAGE_STANDARD = "gnu++17";
				CLANG_CXX_LIBRARY = "libc++";
				CLANG_ENABLE_MODULES = YES;
				CLANG_ENABLE_OBJC_ARC = YES;
				CLANG_ENABLE_OBJC_WEAK = YES;
				CLANG_WARN_BLOCK_CAPTURE_AUTORELEASING = YES;
				CLANG_WARN_BOOL_CONVERSION = YES;
				CLANG_WARN_COMMA = YES;
				CLANG_WARN_CONSTANT_CONVERSION = YES;
				CLANG_WARN_DEPRECATED_OBJC_IMPLEMENTATIONS = YES;
				CLANG_WARN_DIRECT_OBJC_ISA_USAGE = YES_ERROR;
				CLANG_WARN_DOCUMENTATION_COMMENTS = YES;
				CLANG_WARN_EMPTY_BODY = YES;
				CLANG_WARN_ENUM_CONVERSION = YES;
				CLANG_WARN_INFINITE_RECURSION = YES;
				CLANG_WARN_INT_CONVERSION = YES;
				CLANG_WARN_NON_LITERAL_NULL_CONVERSION = YES;
				CLANG_WARN_OBJC_IMPLICIT_RETAIN_SELF = YES;
				CLANG_WARN_OBJC_LITERAL_CONVERSION = YES;
				CLANG_WARN_OBJC_ROOT_CLASS = YES_ERROR;
				CLANG_WARN_QUOTED_INCLUDE_IN_FRAMEWORK_HEADER = YES;
				CLANG_WARN_RANGE_LOOP_ANALYSIS = YES;
				CLANG_WARN_STRICT_PROTOTYPES = YES;
				CLANG_WARN_SUSPICIOUS_MOVE = YES;
				CLANG_WARN_UNGUARDED_AVAILABILITY = YES_AGGRESSIVE;
				CLANG_WARN_UNREACHABLE_CODE = YES;
				CLANG_WARN__DUPLICATE_METHOD_MATCH = YES;
				COPY_PHASE_STRIP = NO;
				DEBUG_INFORMATION_FORMAT = dwarf;
				ENABLE_STRICT_OBJC_MSGSEND = YES;
				ENABLE_TESTABILITY = YES;
				GCC_C_LANGUAGE_STANDARD = gnu11;
				GCC_DYNAMIC_NO_PIC = NO;
				GCC_NO_COMMON_BLOCKS = YES;
				GCC_OPTIMIZATION_LEVEL = 0;
				GCC_PREPROCESSOR_DEFINITIONS = (
					"DEBUG=1",
					"$(inherited)",
				);
				GCC_WARN_64_TO_32_BIT_CONVERSION = YES;
				GCC_WARN_ABOUT_RETURN_TYPE = YES_ERROR;
				GCC_WARN_UNDECLARED_SELECTOR = YES;
				GCC_WARN_UNINITIALIZED_AUTOS = YES_AGGRESSIVE;
				GCC_WARN_UNUSED_FUNCTION = YES;
				GCC_WARN_UNUSED_VARIABLE = YES;
				IPHONEOS_DEPLOYMENT_TARGET = 15.2;
				MTL_ENABLE_DEBUG_INFO = INCLUDE_SOURCE;
				MTL_FAST_MATH = YES;
				ONLY_ACTIVE_ARCH = YES;
				SDKROOT = iphoneos;
				SWIFT_ACTIVE_COMPILATION_CONDITIONS = DEBUG;
				SWIFT_OPTIMIZATION_LEVEL = "-Onone";
			};
			name = Debug;
		};
		B6F8DE0A277704300045DCDB /* Release */ = {
			isa = XCBuildConfiguration;
			buildSettings = {
				ALWAYS_SEARCH_USER_PATHS = NO;
				CLANG_ANALYZER_NONNULL = YES;
				CLANG_ANALYZER_NUMBER_OBJECT_CONVERSION = YES_AGGRESSIVE;
				CLANG_CXX_LANGUAGE_STANDARD = "gnu++17";
				CLANG_CXX_LIBRARY = "libc++";
				CLANG_ENABLE_MODULES = YES;
				CLANG_ENABLE_OBJC_ARC = YES;
				CLANG_ENABLE_OBJC_WEAK = YES;
				CLANG_WARN_BLOCK_CAPTURE_AUTORELEASING = YES;
				CLANG_WARN_BOOL_CONVERSION = YES;
				CLANG_WARN_COMMA = YES;
				CLANG_WARN_CONSTANT_CONVERSION = YES;
				CLANG_WARN_DEPRECATED_OBJC_IMPLEMENTATIONS = YES;
				CLANG_WARN_DIRECT_OBJC_ISA_USAGE = YES_ERROR;
				CLANG_WARN_DOCUMENTATION_COMMENTS = YES;
				CLANG_WARN_EMPTY_BODY = YES;
				CLANG_WARN_ENUM_CONVERSION = YES;
				CLANG_WARN_INFINITE_RECURSION = YES;
				CLANG_WARN_INT_CONVERSION = YES;
				CLANG_WARN_NON_LITERAL_NULL_CONVERSION = YES;
				CLANG_WARN_OBJC_IMPLICIT_RETAIN_SELF = YES;
				CLANG_WARN_OBJC_LITERAL_CONVERSION = YES;
				CLANG_WARN_OBJC_ROOT_CLASS = YES_ERROR;
				CLANG_WARN_QUOTED_INCLUDE_IN_FRAMEWORK_HEADER = YES;
				CLANG_WARN_RANGE_LOOP_ANALYSIS = YES;
				CLANG_WARN_STRICT_PROTOTYPES = YES;
				CLANG_WARN_SUSPICIOUS_MOVE = YES;
				CLANG_WARN_UNGUARDED_AVAILABILITY = YES_AGGRESSIVE;
				CLANG_WARN_UNREACHABLE_CODE = YES;
				CLANG_WARN__DUPLICATE_METHOD_MATCH = YES;
				COPY_PHASE_STRIP = NO;
				DEBUG_INFORMATION_FORMAT = "dwarf-with-dsym";
				ENABLE_NS_ASSERTIONS = NO;
				ENABLE_STRICT_OBJC_MSGSEND = YES;
				GCC_C_LANGUAGE_STANDARD = gnu11;
				GCC_NO_COMMON_BLOCKS = YES;
				GCC_WARN_64_TO_32_BIT_CONVERSION = YES;
				GCC_WARN_ABOUT_RETURN_TYPE = YES_ERROR;
				GCC_WARN_UNDECLARED_SELECTOR = YES;
				GCC_WARN_UNINITIALIZED_AUTOS = YES_AGGRESSIVE;
				GCC_WARN_UNUSED_FUNCTION = YES;
				GCC_WARN_UNUSED_VARIABLE = YES;
				IPHONEOS_DEPLOYMENT_TARGET = 15.2;
				MTL_ENABLE_DEBUG_INFO = NO;
				MTL_FAST_MATH = YES;
				SDKROOT = iphoneos;
				SWIFT_COMPILATION_MODE = wholemodule;
				SWIFT_OPTIMIZATION_LEVEL = "-O";
				VALIDATE_PRODUCT = YES;
			};
			name = Release;
		};
		B6F8DE0C277704300045DCDB /* Debug */ = {
			isa = XCBuildConfiguration;
			buildSettings = {
				ASSETCATALOG_COMPILER_APPICON_NAME = AppIcon;
				ASSETCATALOG_COMPILER_GLOBAL_ACCENT_COLOR_NAME = AccentColor;
				CODE_SIGN_STYLE = Automatic;
				CURRENT_PROJECT_VERSION = 1;
				DEVELOPMENT_ASSET_PATHS = "\"Origami/Preview Content\"";
				DEVELOPMENT_TEAM = JKYU7W8LBP;
				ENABLE_PREVIEWS = YES;
				GENERATE_INFOPLIST_FILE = YES;
				INFOPLIST_KEY_UIApplicationSceneManifest_Generation = YES;
				INFOPLIST_KEY_UIApplicationSupportsIndirectInputEvents = YES;
				INFOPLIST_KEY_UILaunchScreen_Generation = YES;
				INFOPLIST_KEY_UISupportedInterfaceOrientations_iPad = "UIInterfaceOrientationPortrait UIInterfaceOrientationPortraitUpsideDown UIInterfaceOrientationLandscapeLeft UIInterfaceOrientationLandscapeRight";
				INFOPLIST_KEY_UISupportedInterfaceOrientations_iPhone = "UIInterfaceOrientationPortrait UIInterfaceOrientationLandscapeLeft UIInterfaceOrientationLandscapeRight";
				LD_RUNPATH_SEARCH_PATHS = (
					"$(inherited)",
					"@executable_path/Frameworks",
				);
				MARKETING_VERSION = 1.0;
				PRODUCT_BUNDLE_IDENTIFIER = mishacausur.Origami;
				PRODUCT_NAME = "$(TARGET_NAME)";
				SWIFT_EMIT_LOC_STRINGS = YES;
				SWIFT_VERSION = 5.0;
				TARGETED_DEVICE_FAMILY = "1,2";
			};
			name = Debug;
		};
		B6F8DE0D277704300045DCDB /* Release */ = {
			isa = XCBuildConfiguration;
			buildSettings = {
				ASSETCATALOG_COMPILER_APPICON_NAME = AppIcon;
				ASSETCATALOG_COMPILER_GLOBAL_ACCENT_COLOR_NAME = AccentColor;
				CODE_SIGN_STYLE = Automatic;
				CURRENT_PROJECT_VERSION = 1;
				DEVELOPMENT_ASSET_PATHS = "\"Origami/Preview Content\"";
				DEVELOPMENT_TEAM = JKYU7W8LBP;
				ENABLE_PREVIEWS = YES;
				GENERATE_INFOPLIST_FILE = YES;
				INFOPLIST_KEY_UIApplicationSceneManifest_Generation = YES;
				INFOPLIST_KEY_UIApplicationSupportsIndirectInputEvents = YES;
				INFOPLIST_KEY_UILaunchScreen_Generation = YES;
				INFOPLIST_KEY_UISupportedInterfaceOrientations_iPad = "UIInterfaceOrientationPortrait UIInterfaceOrientationPortraitUpsideDown UIInterfaceOrientationLandscapeLeft UIInterfaceOrientationLandscapeRight";
				INFOPLIST_KEY_UISupportedInterfaceOrientations_iPhone = "UIInterfaceOrientationPortrait UIInterfaceOrientationLandscapeLeft UIInterfaceOrientationLandscapeRight";
				LD_RUNPATH_SEARCH_PATHS = (
					"$(inherited)",
					"@executable_path/Frameworks",
				);
				MARKETING_VERSION = 1.0;
				PRODUCT_BUNDLE_IDENTIFIER = mishacausur.Origami;
				PRODUCT_NAME = "$(TARGET_NAME)";
				SWIFT_EMIT_LOC_STRINGS = YES;
				SWIFT_VERSION = 5.0;
				TARGETED_DEVICE_FAMILY = "1,2";
			};
			name = Release;
		};
/* End XCBuildConfiguration section */

/* Begin XCConfigurationList section */
		B6F8DDF82777042F0045DCDB /* Build configuration list for PBXProject "Origami" */ = {
			isa = XCConfigurationList;
			buildConfigurations = (
				B6F8DE09277704300045DCDB /* Debug */,
				B6F8DE0A277704300045DCDB /* Release */,
			);
			defaultConfigurationIsVisible = 0;
			defaultConfigurationName = Release;
		};
		B6F8DE0B277704300045DCDB /* Build configuration list for PBXNativeTarget "Origami" */ = {
			isa = XCConfigurationList;
			buildConfigurations = (
				B6F8DE0C277704300045DCDB /* Debug */,
				B6F8DE0D277704300045DCDB /* Release */,
			);
			defaultConfigurationIsVisible = 0;
			defaultConfigurationName = Release;
		};
/* End XCConfigurationList section */
	};
	rootObject = B6F8DDF52777042F0045DCDB /* Project object */;
}
